
Microsoft Visual Studio Solution File, Format Version 12.00
# Visual Studio Version 17
VisualStudioVersion = 17.11.35327.3
MinimumVisualStudioVersion = 10.0.40219.1
Project("{2150E333-8FDC-42A3-9474-1A3956D46DE8}") = "APIs", "APIs", "{6D199CAC-3605-474A-8659-43E2FB06A81A}"
EndProject
Project("{2150E333-8FDC-42A3-9474-1A3956D46DE8}") = "BackEnd", "BackEnd", "{856D8C67-261F-4A27-986B-CCE9936E57C0}"
EndProject
Project("{9A19103F-16F7-4668-BE54-9A1E7A4F7556}") = "SCM.Api", "APIs\SCM.Api\SCM.Api.csproj", "{1732D201-106C-4144-8524-7208F57F9CF3}"
EndProject
Project("{9A19103F-16F7-4668-BE54-9A1E7A4F7556}") = "SCM.Domain", "BackEnd\SCM.Domain\SCM.Domain.csproj", "{48A7525B-D3B0-4166-A49D-E07DE56322A7}"
EndProject
Project("{9A19103F-16F7-4668-BE54-9A1E7A4F7556}") = "SCM.Infrastructure", "BackEnd\SCM.Infrastructure\SCM.Infrastructure.csproj", "{317D9FF2-3644-4A6B-9C0A-18F83F083634}"
EndProject
Project("{2150E333-8FDC-42A3-9474-1A3956D46DE8}") = "Services", "Services", "{31F4626E-644B-4BF7-BEC7-BC84E1EA02A3}"
EndProject
Project("{2150E333-8FDC-42A3-9474-1A3956D46DE8}") = "Test", "Test", "{07667A91-10CF-4E74-9543-3317B9CE51A5}"
EndProject
Global
	GlobalSection(SolutionConfigurationPlatforms) = preSolution
		Debug|Any CPU = Debug|Any CPU
		Release|Any CPU = Release|Any CPU
	EndGlobalSection
	GlobalSection(ProjectConfigurationPlatforms) = postSolution
		{1732D201-106C-4144-8524-7208F57F9CF3}.Debug|Any CPU.ActiveCfg = Debug|Any CPU
		{1732D201-106C-4144-8524-7208F57F9CF3}.Debug|Any CPU.Build.0 = Debug|Any CPU
		{1732D201-106C-4144-8524-7208F57F9CF3}.Release|Any CPU.ActiveCfg = Release|Any CPU
		{1732D201-106C-4144-8524-7208F57F9CF3}.Release|Any CPU.Build.0 = Release|Any CPU
		{48A7525B-D3B0-4166-A49D-E07DE56322A7}.Debug|Any CPU.ActiveCfg = Debug|Any CPU
		{48A7525B-D3B0-4166-A49D-E07DE56322A7}.Debug|Any CPU.Build.0 = Debug|Any CPU
		{48A7525B-D3B0-4166-A49D-E07DE56322A7}.Release|Any CPU.ActiveCfg = Release|Any CPU
		{48A7525B-D3B0-4166-A49D-E07DE56322A7}.Release|Any CPU.Build.0 = Release|Any CPU
		{317D9FF2-3644-4A6B-9C0A-18F83F083634}.Debug|Any CPU.ActiveCfg = Debug|Any CPU
		{317D9FF2-3644-4A6B-9C0A-18F83F083634}.Debug|Any CPU.Build.0 = Debug|Any CPU
		{317D9FF2-3644-4A6B-9C0A-18F83F083634}.Release|Any CPU.ActiveCfg = Release|Any CPU
		{317D9FF2-3644-4A6B-9C0A-18F83F083634}.Release|Any CPU.Build.0 = Release|Any CPU
	EndGlobalSection
	GlobalSection(SolutionProperties) = preSolution
		HideSolutionNode = FALSE
	EndGlobalSection
	GlobalSection(NestedProjects) = preSolution
		{1732D201-106C-4144-8524-7208F57F9CF3} = {6D199CAC-3605-474A-8659-43E2FB06A81A}
		{48A7525B-D3B0-4166-A49D-E07DE56322A7} = {856D8C67-261F-4A27-986B-CCE9936E57C0}
		{317D9FF2-3644-4A6B-9C0A-18F83F083634} = {856D8C67-261F-4A27-986B-CCE9936E57C0}
	EndGlobalSection
	GlobalSection(ExtensibilityGlobals) = postSolution
		SolutionGuid = {0123A8F3-78B9-4EEA-8DC4-D4AA06496C15}
	EndGlobalSection
EndGlobal
